
Microsoft Visual Studio Solution File, Format Version 12.00
# Visual Studio Version 16
VisualStudioVersion = 16.0.35130.168
MinimumVisualStudioVersion = 10.0.40219.1
Project("{8BC9CEB8-8B4A-11D0-8D11-00A0C91BC942}") = "Nuclex.Support.Native (msvc-14.2)", "Nuclex.Support.Native\Nuclex.Support.Native (msvc-14.2).vcxproj", "{5852FC75-7B04-4CD5-9CCB-981A73A3821E}"
EndProject
Project("{8BC9CEB8-8B4A-11D0-8D11-00A0C91BC942}") = "Nuclex.Audio.Native (msvc-14.2)", "Nuclex.Audio.Native\Nuclex.Audio.Native (msvc-14.2).vcxproj", "{B7EDCB26-C6DB-4D99-A421-B6CD6736DE87}"
	ProjectSection(ProjectDependencies) = postProject
		{7B717514-86AF-4732-8D2B-EB438FCB501B} = {7B717514-86AF-4732-8D2B-EB438FCB501B}
		{80B6DA1C-F8E4-4364-B9FB-92D198A1CF91} = {80B6DA1C-F8E4-4364-B9FB-92D198A1CF91}
		{0B825D1E-DEB1-4FC6-A78A-15F5CE718BB2} = {0B825D1E-DEB1-4FC6-A78A-15F5CE718BB2}
		{55239039-CAE9-464A-9FB5-4E93A241A4E9} = {55239039-CAE9-464A-9FB5-4E93A241A4E9}
		{CBC62C64-D5AA-4838-ABEE-F23B1F4A39FA} = {CBC62C64-D5AA-4838-ABEE-F23B1F4A39FA}
		{1982B372-8DFA-4ACB-9B5E-85BEF1C69CF3} = {1982B372-8DFA-4ACB-9B5E-85BEF1C69CF3}
		{5852FC75-7B04-4CD5-9CCB-981A73A3821E} = {5852FC75-7B04-4CD5-9CCB-981A73A3821E}
		{F4B64876-80D5-4783-B591-C87D8A9E2C4C} = {F4B64876-80D5-4783-B591-C87D8A9E2C4C}
		{2322C594-09AF-41F3-A275-4A87BBC0193C} = {2322C594-09AF-41F3-A275-4A87BBC0193C}
		{37D48D9D-6813-4192-8F1E-B24013C2FAE4} = {37D48D9D-6813-4192-8F1E-B24013C2FAE4}
	EndProjectSection
EndProject
Project("{8BC9CEB8-8B4A-11D0-8D11-00A0C91BC942}") = "Nuclex.Support.Native.Tests (msvc-14.2)", "Nuclex.Support.Native\Nuclex.Support.Native.Tests (msvc-14.2).vcxproj", "{156EFA80-1456-4C90-B5C8-2CA1D8A2A07F}"
	ProjectSection(ProjectDependencies) = postProject
		{585276FB-1475-424E-AA7F-30A64B39F082} = {585276FB-1475-424E-AA7F-30A64B39F082}
		{B06663FD-79ED-4894-BBE9-51B7A52FFE39} = {B06663FD-79ED-4894-BBE9-51B7A52FFE39}
	EndProjectSection
EndProject
Project("{8BC9CEB8-8B4A-11D0-8D11-00A0C91BC942}") = "Nuclex.Support.Native.Benchmark (msvc-14.2)", "Nuclex.Support.Native\Nuclex.Support.Native.Benchmark (msvc-14.2).vcxproj", "{B289C32C-49DD-48DB-8B41-C1D223B7EF51}"
	ProjectSection(ProjectDependencies) = postProject
		{389A19EA-2678-43C6-9F51-77C8AEBA3D64} = {389A19EA-2678-43C6-9F51-77C8AEBA3D64}
	EndProjectSection
EndProject
Project("{2150E333-8FDC-42A3-9474-1A3956D46DE8}") = "Third-Party Libraries", "Third-Party Libraries", "{0D2314CC-312B-4C7C-AF5B-C3D4E7418464}"
EndProject
Project("{8BC9CEB8-8B4A-11D0-8D11-00A0C91BC942}") = "nuclex-googletest (msvc-14.2)", "third-party\nuclex-googletest\nuclex-googletest (msvc-14.2).vcxproj", "{B06663FD-79ED-4894-BBE9-51B7A52FFE39}"
EndProject
Project("{8BC9CEB8-8B4A-11D0-8D11-00A0C91BC942}") = "nuclex-googletest-main (msvc-14.2)", "third-party\nuclex-googletest\nuclex-googletest-main (msvc-14.2).vcxproj", "{585276FB-1475-424E-AA7F-30A64B39F082}"
EndProject
Project("{8BC9CEB8-8B4A-11D0-8D11-00A0C91BC942}") = "nuclex-celero (msvc-14.2)", "third-party\nuclex-celero\nuclex-celero (msvc-14.2).vcxproj", "{389A19EA-2678-43C6-9F51-77C8AEBA3D64}"
EndProject
Project("{2150E333-8FDC-42A3-9474-1A3956D46DE8}") = "Unit Tests", "Unit Tests", "{E9AEECC6-432B-46D3-9D2D-6ACF6AA8C428}"
EndProject
Project("{8BC9CEB8-8B4A-11D0-8D11-00A0C91BC942}") = "Nuclex.Audio.Native.Tests (msvc-14.2)", "Nuclex.Audio.Native\Nuclex.Audio.Native.Tests (msvc-14.2).vcxproj", "{27FEE38A-787C-4EB1-B002-F30FE4C91B4E}"
	ProjectSection(ProjectDependencies) = postProject
		{7B717514-86AF-4732-8D2B-EB438FCB501B} = {7B717514-86AF-4732-8D2B-EB438FCB501B}
		{80B6DA1C-F8E4-4364-B9FB-92D198A1CF91} = {80B6DA1C-F8E4-4364-B9FB-92D198A1CF91}
		{0B825D1E-DEB1-4FC6-A78A-15F5CE718BB2} = {0B825D1E-DEB1-4FC6-A78A-15F5CE718BB2}
		{55239039-CAE9-464A-9FB5-4E93A241A4E9} = {55239039-CAE9-464A-9FB5-4E93A241A4E9}
		{CBC62C64-D5AA-4838-ABEE-F23B1F4A39FA} = {CBC62C64-D5AA-4838-ABEE-F23B1F4A39FA}
		{1982B372-8DFA-4ACB-9B5E-85BEF1C69CF3} = {1982B372-8DFA-4ACB-9B5E-85BEF1C69CF3}
		{5852FC75-7B04-4CD5-9CCB-981A73A3821E} = {5852FC75-7B04-4CD5-9CCB-981A73A3821E}
		{F4B64876-80D5-4783-B591-C87D8A9E2C4C} = {F4B64876-80D5-4783-B591-C87D8A9E2C4C}
		{2322C594-09AF-41F3-A275-4A87BBC0193C} = {2322C594-09AF-41F3-A275-4A87BBC0193C}
		{37D48D9D-6813-4192-8F1E-B24013C2FAE4} = {37D48D9D-6813-4192-8F1E-B24013C2FAE4}
		{389A19EA-2678-43C6-9F51-77C8AEBA3D64} = {389A19EA-2678-43C6-9F51-77C8AEBA3D64}
		{585276FB-1475-424E-AA7F-30A64B39F082} = {585276FB-1475-424E-AA7F-30A64B39F082}
		{B06663FD-79ED-4894-BBE9-51B7A52FFE39} = {B06663FD-79ED-4894-BBE9-51B7A52FFE39}
	EndProjectSection
EndProject
Project("{8BC9CEB8-8B4A-11D0-8D11-00A0C91BC942}") = "nuclex-flac (msvc-14.2)", "third-party\nuclex-flac\nuclex-flac (msvc-14.2).vcxproj", "{0B825D1E-DEB1-4FC6-A78A-15F5CE718BB2}"
EndProject
Project("{8BC9CEB8-8B4A-11D0-8D11-00A0C91BC942}") = "nuclex-ogg (msvc-14.2)", "third-party\nuclex-ogg\nuclex-ogg (msvc-14.2).vcxproj", "{37D48D9D-6813-4192-8F1E-B24013C2FAE4}"
EndProject
Project("{8BC9CEB8-8B4A-11D0-8D11-00A0C91BC942}") = "nuclex-opus (msvc-14.2)", "third-party\nuclex-opus\nuclex-opus (msvc-14.2).vcxproj", "{80B6DA1C-F8E4-4364-B9FB-92D198A1CF91}"
EndProject
Project("{8BC9CEB8-8B4A-11D0-8D11-00A0C91BC942}") = "nuclex-opusfile (msvc-14.2)", "third-party\nuclex-opusfile\nuclex-opusfile (msvc-14.2).vcxproj", "{2322C594-09AF-41F3-A275-4A87BBC0193C}"
EndProject
Project("{8BC9CEB8-8B4A-11D0-8D11-00A0C91BC942}") = "nuclex-wavpack (msvc-14.2)", "third-party\nuclex-wavpack\nuclex-wavpack (msvc-14.2).vcxproj", "{CBC62C64-D5AA-4838-ABEE-F23B1F4A39FA}"
EndProject
Project("{2150E333-8FDC-42A3-9474-1A3956D46DE8}") = "Benchmarks", "Benchmarks", "{7D9A832B-E239-49B1-828D-6F17DCF79E2B}"
EndProject
Project("{8BC9CEB8-8B4A-11D0-8D11-00A0C91BC942}") = "Nuclex.Audio.Native.Benchmark (msvc-14.2)", "Nuclex.Audio.Native\Nuclex.Audio.Native.Benchmark (msvc-14.2).vcxproj", "{318C27FC-068C-45C5-9E60-94CFF0F3BF7F}"
	ProjectSection(ProjectDependencies) = postProject
		{7B717514-86AF-4732-8D2B-EB438FCB501B} = {7B717514-86AF-4732-8D2B-EB438FCB501B}
		{80B6DA1C-F8E4-4364-B9FB-92D198A1CF91} = {80B6DA1C-F8E4-4364-B9FB-92D198A1CF91}
		{0B825D1E-DEB1-4FC6-A78A-15F5CE718BB2} = {0B825D1E-DEB1-4FC6-A78A-15F5CE718BB2}
		{55239039-CAE9-464A-9FB5-4E93A241A4E9} = {55239039-CAE9-464A-9FB5-4E93A241A4E9}
		{CBC62C64-D5AA-4838-ABEE-F23B1F4A39FA} = {CBC62C64-D5AA-4838-ABEE-F23B1F4A39FA}
		{1982B372-8DFA-4ACB-9B5E-85BEF1C69CF3} = {1982B372-8DFA-4ACB-9B5E-85BEF1C69CF3}
		{5852FC75-7B04-4CD5-9CCB-981A73A3821E} = {5852FC75-7B04-4CD5-9CCB-981A73A3821E}
		{F4B64876-80D5-4783-B591-C87D8A9E2C4C} = {F4B64876-80D5-4783-B591-C87D8A9E2C4C}
		{2322C594-09AF-41F3-A275-4A87BBC0193C} = {2322C594-09AF-41F3-A275-4A87BBC0193C}
		{37D48D9D-6813-4192-8F1E-B24013C2FAE4} = {37D48D9D-6813-4192-8F1E-B24013C2FAE4}
		{389A19EA-2678-43C6-9F51-77C8AEBA3D64} = {389A19EA-2678-43C6-9F51-77C8AEBA3D64}
	EndProjectSection
EndProject
Project("{8BC9CEB8-8B4A-11D0-8D11-00A0C91BC942}") = "nuclex-vorbis (msvc-14.2)", "third-party\nuclex-vorbis\nuclex-vorbis (msvc-14.2).vcxproj", "{1982B372-8DFA-4ACB-9B5E-85BEF1C69CF3}"
EndProject
Project("{8BC9CEB8-8B4A-11D0-8D11-00A0C91BC942}") = "nuclex-vorbisfile (msvc-14.2)", "third-party\nuclex-vorbis\nuclex-vorbisfile (msvc-14.2).vcxproj", "{7B717514-86AF-4732-8D2B-EB438FCB501B}"
EndProject
Project("{8BC9CEB8-8B4A-11D0-8D11-00A0C91BC942}") = "nuclex-vorbisenc (msvc-14.2)", "third-party\nuclex-vorbis\nuclex-vorbisenc (msvc-14.2).vcxproj", "{55239039-CAE9-464A-9FB5-4E93A241A4E9}"
EndProject
Project("{8BC9CEB8-8B4A-11D0-8D11-00A0C91BC942}") = "nuclex-opusenc (msvc-14.2)", "third-party\nuclex-opusenc\nuclex-opusenc (msvc-14.2).vcxproj", "{F4B64876-80D5-4783-B591-C87D8A9E2C4C}"
EndProject
Global
	GlobalSection(SolutionConfigurationPlatforms) = preSolution
		Debug|x64 = Debug|x64
		Debug|x86 = Debug|x86
		Release|x64 = Release|x64
		Release|x86 = Release|x86
	EndGlobalSection
	GlobalSection(ProjectConfigurationPlatforms) = postSolution
		{5852FC75-7B04-4CD5-9CCB-981A73A3821E}.Debug|x64.ActiveCfg = Debug|x64
		{5852FC75-7B04-4CD5-9CCB-981A73A3821E}.Debug|x64.Build.0 = Debug|x64
		{5852FC75-7B04-4CD5-9CCB-981A73A3821E}.Debug|x86.ActiveCfg = Debug|Win32
		{5852FC75-7B04-4CD5-9CCB-981A73A3821E}.Debug|x86.Build.0 = Debug|Win32
		{5852FC75-7B04-4CD5-9CCB-981A73A3821E}.Release|x64.ActiveCfg = Release|x64
		{5852FC75-7B04-4CD5-9CCB-981A73A3821E}.Release|x64.Build.0 = Release|x64
		{5852FC75-7B04-4CD5-9CCB-981A73A3821E}.Release|x86.ActiveCfg = Release|Win32
		{5852FC75-7B04-4CD5-9CCB-981A73A3821E}.Release|x86.Build.0 = Release|Win32
		{B7EDCB26-C6DB-4D99-A421-B6CD6736DE87}.Debug|x64.ActiveCfg = Debug|x64
		{B7EDCB26-C6DB-4D99-A421-B6CD6736DE87}.Debug|x64.Build.0 = Debug|x64
		{B7EDCB26-C6DB-4D99-A421-B6CD6736DE87}.Debug|x86.ActiveCfg = Debug|Win32
		{B7EDCB26-C6DB-4D99-A421-B6CD6736DE87}.Debug|x86.Build.0 = Debug|Win32
		{B7EDCB26-C6DB-4D99-A421-B6CD6736DE87}.Release|x64.ActiveCfg = Release|x64
		{B7EDCB26-C6DB-4D99-A421-B6CD6736DE87}.Release|x64.Build.0 = Release|x64
		{B7EDCB26-C6DB-4D99-A421-B6CD6736DE87}.Release|x86.ActiveCfg = Release|Win32
		{B7EDCB26-C6DB-4D99-A421-B6CD6736DE87}.Release|x86.Build.0 = Release|Win32
		{156EFA80-1456-4C90-B5C8-2CA1D8A2A07F}.Debug|x64.ActiveCfg = Debug|x64
		{156EFA80-1456-4C90-B5C8-2CA1D8A2A07F}.Debug|x64.Build.0 = Debug|x64
		{156EFA80-1456-4C90-B5C8-2CA1D8A2A07F}.Debug|x86.ActiveCfg = Debug|Win32
		{156EFA80-1456-4C90-B5C8-2CA1D8A2A07F}.Debug|x86.Build.0 = Debug|Win32
		{156EFA80-1456-4C90-B5C8-2CA1D8A2A07F}.Release|x64.ActiveCfg = Release|x64
		{156EFA80-1456-4C90-B5C8-2CA1D8A2A07F}.Release|x64.Build.0 = Release|x64
		{156EFA80-1456-4C90-B5C8-2CA1D8A2A07F}.Release|x86.ActiveCfg = Release|Win32
		{156EFA80-1456-4C90-B5C8-2CA1D8A2A07F}.Release|x86.Build.0 = Release|Win32
		{B289C32C-49DD-48DB-8B41-C1D223B7EF51}.Debug|x64.ActiveCfg = Debug|x64
		{B289C32C-49DD-48DB-8B41-C1D223B7EF51}.Debug|x64.Build.0 = Debug|x64
		{B289C32C-49DD-48DB-8B41-C1D223B7EF51}.Debug|x86.ActiveCfg = Debug|Win32
		{B289C32C-49DD-48DB-8B41-C1D223B7EF51}.Debug|x86.Build.0 = Debug|Win32
		{B289C32C-49DD-48DB-8B41-C1D223B7EF51}.Release|x64.ActiveCfg = Release|x64
		{B289C32C-49DD-48DB-8B41-C1D223B7EF51}.Release|x64.Build.0 = Release|x64
		{B289C32C-49DD-48DB-8B41-C1D223B7EF51}.Release|x86.ActiveCfg = Release|Win32
		{B289C32C-49DD-48DB-8B41-C1D223B7EF51}.Release|x86.Build.0 = Release|Win32
		{B06663FD-79ED-4894-BBE9-51B7A52FFE39}.Debug|x64.ActiveCfg = Debug|x64
		{B06663FD-79ED-4894-BBE9-51B7A52FFE39}.Debug|x64.Build.0 = Debug|x64
		{B06663FD-79ED-4894-BBE9-51B7A52FFE39}.Debug|x86.ActiveCfg = Debug|Win32
		{B06663FD-79ED-4894-BBE9-51B7A52FFE39}.Debug|x86.Build.0 = Debug|Win32
		{B06663FD-79ED-4894-BBE9-51B7A52FFE39}.Release|x64.ActiveCfg = Release|x64
		{B06663FD-79ED-4894-BBE9-51B7A52FFE39}.Release|x64.Build.0 = Release|x64
		{B06663FD-79ED-4894-BBE9-51B7A52FFE39}.Release|x86.ActiveCfg = Release|Win32
		{B06663FD-79ED-4894-BBE9-51B7A52FFE39}.Release|x86.Build.0 = Release|Win32
		{585276FB-1475-424E-AA7F-30A64B39F082}.Debug|x64.ActiveCfg = Debug|x64
		{585276FB-1475-424E-AA7F-30A64B39F082}.Debug|x64.Build.0 = Debug|x64
		{585276FB-1475-424E-AA7F-30A64B39F082}.Debug|x86.ActiveCfg = Debug|Win32
		{585276FB-1475-424E-AA7F-30A64B39F082}.Debug|x86.Build.0 = Debug|Win32
		{585276FB-1475-424E-AA7F-30A64B39F082}.Release|x64.ActiveCfg = Release|x64
		{585276FB-1475-424E-AA7F-30A64B39F082}.Release|x64.Build.0 = Release|x64
		{585276FB-1475-424E-AA7F-30A64B39F082}.Release|x86.ActiveCfg = Release|Win32
		{585276FB-1475-424E-AA7F-30A64B39F082}.Release|x86.Build.0 = Release|Win32
		{389A19EA-2678-43C6-9F51-77C8AEBA3D64}.Debug|x64.ActiveCfg = Debug|x64
		{389A19EA-2678-43C6-9F51-77C8AEBA3D64}.Debug|x64.Build.0 = Debug|x64
		{389A19EA-2678-43C6-9F51-77C8AEBA3D64}.Debug|x86.ActiveCfg = Debug|Win32
		{389A19EA-2678-43C6-9F51-77C8AEBA3D64}.Debug|x86.Build.0 = Debug|Win32
		{389A19EA-2678-43C6-9F51-77C8AEBA3D64}.Release|x64.ActiveCfg = Release|x64
		{389A19EA-2678-43C6-9F51-77C8AEBA3D64}.Release|x64.Build.0 = Release|x64
		{389A19EA-2678-43C6-9F51-77C8AEBA3D64}.Release|x86.ActiveCfg = Release|Win32
		{389A19EA-2678-43C6-9F51-77C8AEBA3D64}.Release|x86.Build.0 = Release|Win32
		{27FEE38A-787C-4EB1-B002-F30FE4C91B4E}.Debug|x64.ActiveCfg = Debug|x64
		{27FEE38A-787C-4EB1-B002-F30FE4C91B4E}.Debug|x64.Build.0 = Debug|x64
		{27FEE38A-787C-4EB1-B002-F30FE4C91B4E}.Debug|x86.ActiveCfg = Debug|Win32
		{27FEE38A-787C-4EB1-B002-F30FE4C91B4E}.Debug|x86.Build.0 = Debug|Win32
		{27FEE38A-787C-4EB1-B002-F30FE4C91B4E}.Release|x64.ActiveCfg = Release|x64
		{27FEE38A-787C-4EB1-B002-F30FE4C91B4E}.Release|x64.Build.0 = Release|x64
		{27FEE38A-787C-4EB1-B002-F30FE4C91B4E}.Release|x86.ActiveCfg = Release|Win32
		{27FEE38A-787C-4EB1-B002-F30FE4C91B4E}.Release|x86.Build.0 = Release|Win32
		{0B825D1E-DEB1-4FC6-A78A-15F5CE718BB2}.Debug|x64.ActiveCfg = Debug|x64
		{0B825D1E-DEB1-4FC6-A78A-15F5CE718BB2}.Debug|x64.Build.0 = Debug|x64
		{0B825D1E-DEB1-4FC6-A78A-15F5CE718BB2}.Debug|x86.ActiveCfg = Debug|Win32
		{0B825D1E-DEB1-4FC6-A78A-15F5CE718BB2}.Debug|x86.Build.0 = Debug|Win32
		{0B825D1E-DEB1-4FC6-A78A-15F5CE718BB2}.Release|x64.ActiveCfg = Release|x64
		{0B825D1E-DEB1-4FC6-A78A-15F5CE718BB2}.Release|x64.Build.0 = Release|x64
		{0B825D1E-DEB1-4FC6-A78A-15F5CE718BB2}.Release|x86.ActiveCfg = Release|Win32
		{0B825D1E-DEB1-4FC6-A78A-15F5CE718BB2}.Release|x86.Build.0 = Release|Win32
		{37D48D9D-6813-4192-8F1E-B24013C2FAE4}.Debug|x64.ActiveCfg = Debug|x64
		{37D48D9D-6813-4192-8F1E-B24013C2FAE4}.Debug|x64.Build.0 = Debug|x64
		{37D48D9D-6813-4192-8F1E-B24013C2FAE4}.Debug|x86.ActiveCfg = Debug|Win32
		{37D48D9D-6813-4192-8F1E-B24013C2FAE4}.Debug|x86.Build.0 = Debug|Win32
		{37D48D9D-6813-4192-8F1E-B24013C2FAE4}.Release|x64.ActiveCfg = Release|x64
		{37D48D9D-6813-4192-8F1E-B24013C2FAE4}.Release|x64.Build.0 = Release|x64
		{37D48D9D-6813-4192-8F1E-B24013C2FAE4}.Release|x86.ActiveCfg = Release|Win32
		{37D48D9D-6813-4192-8F1E-B24013C2FAE4}.Release|x86.Build.0 = Release|Win32
		{80B6DA1C-F8E4-4364-B9FB-92D198A1CF91}.Debug|x64.ActiveCfg = Debug|x64
		{80B6DA1C-F8E4-4364-B9FB-92D198A1CF91}.Debug|x64.Build.0 = Debug|x64
		{80B6DA1C-F8E4-4364-B9FB-92D198A1CF91}.Debug|x86.ActiveCfg = Debug|Win32
		{80B6DA1C-F8E4-4364-B9FB-92D198A1CF91}.Debug|x86.Build.0 = Debug|Win32
		{80B6DA1C-F8E4-4364-B9FB-92D198A1CF91}.Release|x64.ActiveCfg = Release|x64
		{80B6DA1C-F8E4-4364-B9FB-92D198A1CF91}.Release|x64.Build.0 = Release|x64
		{80B6DA1C-F8E4-4364-B9FB-92D198A1CF91}.Release|x86.ActiveCfg = Release|Win32
		{80B6DA1C-F8E4-4364-B9FB-92D198A1CF91}.Release|x86.Build.0 = Release|Win32
		{2322C594-09AF-41F3-A275-4A87BBC0193C}.Debug|x64.ActiveCfg = Debug|x64
		{2322C594-09AF-41F3-A275-4A87BBC0193C}.Debug|x64.Build.0 = Debug|x64
		{2322C594-09AF-41F3-A275-4A87BBC0193C}.Debug|x86.ActiveCfg = Debug|Win32
		{2322C594-09AF-41F3-A275-4A87BBC0193C}.Debug|x86.Build.0 = Debug|Win32
		{2322C594-09AF-41F3-A275-4A87BBC0193C}.Release|x64.ActiveCfg = Release|x64
		{2322C594-09AF-41F3-A275-4A87BBC0193C}.Release|x64.Build.0 = Release|x64
		{2322C594-09AF-41F3-A275-4A87BBC0193C}.Release|x86.ActiveCfg = Release|Win32
		{2322C594-09AF-41F3-A275-4A87BBC0193C}.Release|x86.Build.0 = Release|Win32
		{CBC62C64-D5AA-4838-ABEE-F23B1F4A39FA}.Debug|x64.ActiveCfg = Debug|x64
		{CBC62C64-D5AA-4838-ABEE-F23B1F4A39FA}.Debug|x64.Build.0 = Debug|x64
		{CBC62C64-D5AA-4838-ABEE-F23B1F4A39FA}.Debug|x86.ActiveCfg = Debug|Win32
		{CBC62C64-D5AA-4838-ABEE-F23B1F4A39FA}.Debug|x86.Build.0 = Debug|Win32
		{CBC62C64-D5AA-4838-ABEE-F23B1F4A39FA}.Release|x64.ActiveCfg = Release|x64
		{CBC62C64-D5AA-4838-ABEE-F23B1F4A39FA}.Release|x64.Build.0 = Release|x64
		{CBC62C64-D5AA-4838-ABEE-F23B1F4A39FA}.Release|x86.ActiveCfg = Release|Win32
		{CBC62C64-D5AA-4838-ABEE-F23B1F4A39FA}.Release|x86.Build.0 = Release|Win32
		{318C27FC-068C-45C5-9E60-94CFF0F3BF7F}.Debug|x64.ActiveCfg = Debug|x64
		{318C27FC-068C-45C5-9E60-94CFF0F3BF7F}.Debug|x64.Build.0 = Debug|x64
		{318C27FC-068C-45C5-9E60-94CFF0F3BF7F}.Debug|x86.ActiveCfg = Debug|Win32
		{318C27FC-068C-45C5-9E60-94CFF0F3BF7F}.Debug|x86.Build.0 = Debug|Win32
		{318C27FC-068C-45C5-9E60-94CFF0F3BF7F}.Release|x64.ActiveCfg = Release|x64
		{318C27FC-068C-45C5-9E60-94CFF0F3BF7F}.Release|x64.Build.0 = Release|x64
		{318C27FC-068C-45C5-9E60-94CFF0F3BF7F}.Release|x86.ActiveCfg = Release|Win32
		{318C27FC-068C-45C5-9E60-94CFF0F3BF7F}.Release|x86.Build.0 = Release|Win32
		{1982B372-8DFA-4ACB-9B5E-85BEF1C69CF3}.Debug|x64.ActiveCfg = Debug|x64
		{1982B372-8DFA-4ACB-9B5E-85BEF1C69CF3}.Debug|x64.Build.0 = Debug|x64
		{1982B372-8DFA-4ACB-9B5E-85BEF1C69CF3}.Debug|x86.ActiveCfg = Debug|Win32
		{1982B372-8DFA-4ACB-9B5E-85BEF1C69CF3}.Debug|x86.Build.0 = Debug|Win32
		{1982B372-8DFA-4ACB-9B5E-85BEF1C69CF3}.Release|x64.ActiveCfg = Release|x64
		{1982B372-8DFA-4ACB-9B5E-85BEF1C69CF3}.Release|x64.Build.0 = Release|x64
		{1982B372-8DFA-4ACB-9B5E-85BEF1C69CF3}.Release|x86.ActiveCfg = Release|Win32
		{1982B372-8DFA-4ACB-9B5E-85BEF1C69CF3}.Release|x86.Build.0 = Release|Win32
		{7B717514-86AF-4732-8D2B-EB438FCB501B}.Debug|x64.ActiveCfg = Debug|x64
		{7B717514-86AF-4732-8D2B-EB438FCB501B}.Debug|x64.Build.0 = Debug|x64
		{7B717514-86AF-4732-8D2B-EB438FCB501B}.Debug|x86.ActiveCfg = Debug|Win32
		{7B717514-86AF-4732-8D2B-EB438FCB501B}.Debug|x86.Build.0 = Debug|Win32
		{7B717514-86AF-4732-8D2B-EB438FCB501B}.Release|x64.ActiveCfg = Release|x64
		{7B717514-86AF-4732-8D2B-EB438FCB501B}.Release|x64.Build.0 = Release|x64
		{7B717514-86AF-4732-8D2B-EB438FCB501B}.Release|x86.ActiveCfg = Release|Win32
		{7B717514-86AF-4732-8D2B-EB438FCB501B}.Release|x86.Build.0 = Release|Win32
		{55239039-CAE9-464A-9FB5-4E93A241A4E9}.Debug|x64.ActiveCfg = Debug|x64
		{55239039-CAE9-464A-9FB5-4E93A241A4E9}.Debug|x64.Build.0 = Debug|x64
		{55239039-CAE9-464A-9FB5-4E93A241A4E9}.Debug|x86.ActiveCfg = Debug|Win32
		{55239039-CAE9-464A-9FB5-4E93A241A4E9}.Debug|x86.Build.0 = Debug|Win32
		{55239039-CAE9-464A-9FB5-4E93A241A4E9}.Release|x64.ActiveCfg = Release|x64
		{55239039-CAE9-464A-9FB5-4E93A241A4E9}.Release|x64.Build.0 = Release|x64
		{55239039-CAE9-464A-9FB5-4E93A241A4E9}.Release|x86.ActiveCfg = Release|Win32
		{55239039-CAE9-464A-9FB5-4E93A241A4E9}.Release|x86.Build.0 = Release|Win32
		{F4B64876-80D5-4783-B591-C87D8A9E2C4C}.Debug|x64.ActiveCfg = Debug|x64
		{F4B64876-80D5-4783-B591-C87D8A9E2C4C}.Debug|x64.Build.0 = Debug|x64
		{F4B64876-80D5-4783-B591-C87D8A9E2C4C}.Debug|x86.ActiveCfg = Debug|Win32
		{F4B64876-80D5-4783-B591-C87D8A9E2C4C}.Debug|x86.Build.0 = Debug|Win32
		{F4B64876-80D5-4783-B591-C87D8A9E2C4C}.Release|x64.ActiveCfg = Release|x64
		{F4B64876-80D5-4783-B591-C87D8A9E2C4C}.Release|x64.Build.0 = Release|x64
		{F4B64876-80D5-4783-B591-C87D8A9E2C4C}.Release|x86.ActiveCfg = Release|Win32
		{F4B64876-80D5-4783-B591-C87D8A9E2C4C}.Release|x86.Build.0 = Release|Win32
	EndGlobalSection
	GlobalSection(SolutionProperties) = preSolution
		HideSolutionNode = FALSE
	EndGlobalSection
	GlobalSection(NestedProjects) = preSolution
		{156EFA80-1456-4C90-B5C8-2CA1D8A2A07F} = {E9AEECC6-432B-46D3-9D2D-6ACF6AA8C428}
		{B289C32C-49DD-48DB-8B41-C1D223B7EF51} = {7D9A832B-E239-49B1-828D-6F17DCF79E2B}
		{B06663FD-79ED-4894-BBE9-51B7A52FFE39} = {0D2314CC-312B-4C7C-AF5B-C3D4E7418464}
		{585276FB-1475-424E-AA7F-30A64B39F082} = {0D2314CC-312B-4C7C-AF5B-C3D4E7418464}
		{389A19EA-2678-43C6-9F51-77C8AEBA3D64} = {0D2314CC-312B-4C7C-AF5B-C3D4E7418464}
		{27FEE38A-787C-4EB1-B002-F30FE4C91B4E} = {E9AEECC6-432B-46D3-9D2D-6ACF6AA8C428}
		{0B825D1E-DEB1-4FC6-A78A-15F5CE718BB2} = {0D2314CC-312B-4C7C-AF5B-C3D4E7418464}
		{37D48D9D-6813-4192-8F1E-B24013C2FAE4} = {0D2314CC-312B-4C7C-AF5B-C3D4E7418464}
		{80B6DA1C-F8E4-4364-B9FB-92D198A1CF91} = {0D2314CC-312B-4C7C-AF5B-C3D4E7418464}
		{2322C594-09AF-41F3-A275-4A87BBC0193C} = {0D2314CC-312B-4C7C-AF5B-C3D4E7418464}
		{CBC62C64-D5AA-4838-ABEE-F23B1F4A39FA} = {0D2314CC-312B-4C7C-AF5B-C3D4E7418464}
		{318C27FC-068C-45C5-9E60-94CFF0F3BF7F} = {7D9A832B-E239-49B1-828D-6F17DCF79E2B}
		{1982B372-8DFA-4ACB-9B5E-85BEF1C69CF3} = {0D2314CC-312B-4C7C-AF5B-C3D4E7418464}
		{7B717514-86AF-4732-8D2B-EB438FCB501B} = {0D2314CC-312B-4C7C-AF5B-C3D4E7418464}
		{55239039-CAE9-464A-9FB5-4E93A241A4E9} = {0D2314CC-312B-4C7C-AF5B-C3D4E7418464}
		{F4B64876-80D5-4783-B591-C87D8A9E2C4C} = {0D2314CC-312B-4C7C-AF5B-C3D4E7418464}
	EndGlobalSection
	GlobalSection(ExtensibilityGlobals) = postSolution
		SolutionGuid = {CBD39FC7-B7CE-4917-ADB0-D44CFC961FA4}
	EndGlobalSection
EndGlobal
