<?xml version="1.0" encoding="utf-8"?>
<Project ToolsVersion="4.0" xmlns="http://schemas.microsoft.com/developer/msbuild/2003">
  <ItemGroup>
    <Filter Include="Source">
      <UniqueIdentifier>{4FC737F1-C7A5-4376-A066-2A32D752A2FF}</UniqueIdentifier>
      <Extensions>qml;cpp;c;cc;cxx;def;odl;idl;hpj;bat;asm;asmx;h;hh;hpp;hxx;hm;inl;inc;xsd</Extensions>
    </Filter>
    <Filter Include="Source\Platform">
      <UniqueIdentifier>{cc8c01fa-c5c0-4287-bffd-8c982cbffd34}</UniqueIdentifier>
    </Filter>
    <Filter Include="Source\Services">
      <UniqueIdentifier>{7c558e0e-232d-44f9-9c27-3107dd3a5b09}</UniqueIdentifier>
    </Filter>
    <Filter Include="Include">
      <UniqueIdentifier>{93995380-89BD-4b04-88EB-625FBE52EBFB}</UniqueIdentifier>
      <Extensions>
      </Extensions>
    </Filter>
    <Filter Include="Resources">
      <UniqueIdentifier>{67DA6AB6-F800-4c08-8B7A-83BB121AAD01}</UniqueIdentifier>
      <Extensions>qrc;rc;ico;cur;bmp;dlg;rc2;rct;bin;rgs;gif;jpg;jpeg;jpe;resx;tiff;tif;png;wav;mfcribbon-ms</Extensions>
    </Filter>
    <Filter Include="UserInterface">
      <UniqueIdentifier>{99349809-55BA-4b9d-BF79-8FDBB0286EB3}</UniqueIdentifier>
      <Extensions>ui</Extensions>
    </Filter>
    <Filter Include="Translations">
      <UniqueIdentifier>{639EADAA-A684-42e4-A9AD-28FC9BCB8F7C}</UniqueIdentifier>
      <Extensions>ts</Extensions>
    </Filter>
    <Filter Include="Source\Audio">
      <UniqueIdentifier>{54c7e819-c303-4090-9eca-5f05f817445e}</UniqueIdentifier>
    </Filter>
  </ItemGroup>
  <ItemGroup>
    <QtMoc Include="Source\MainWindow.h">
      <Filter>Source</Filter>
    </QtMoc>
  </ItemGroup>
  <ItemGroup>
    <ClCompile Include="Source\Services\MetadataReader.cpp">
      <Filter>Source\Services</Filter>
    </ClCompile>
    <ClCompile Include="Source\Services\ServicesRoot.cpp">
      <Filter>Source\Services</Filter>
    </ClCompile>
    <ClCompile Include="Source\Services\Transcoder.cpp">
      <Filter>Source\Services</Filter>
    </ClCompile>
    <ClCompile Include="Source\Audio\Channel.cpp">
      <Filter>Source\Audio</Filter>
    </ClCompile>
    <ClCompile Include="Source\Audio\ChannelLayoutTransformer.cpp">
      <Filter>Source\Audio</Filter>
    </ClCompile>
    <ClCompile Include="Source\Audio\ClippingDetector.cpp">
      <Filter>Source\Audio</Filter>
    </ClCompile>
    <ClCompile Include="Source\Audio\ClippingHalfwave.cpp">
      <Filter>Source\Audio</Filter>
    </ClCompile>
    <ClCompile Include="Source\Audio\HalfwaveTucker.cpp">
      <Filter>Source\Audio</Filter>
    </ClCompile>
    <ClCompile Include="Source\Audio\OpusEncoder.cpp">
      <Filter>Source\Audio</Filter>
    </ClCompile>
    <ClCompile Include="Source\Audio\Track.cpp">
      <Filter>Source\Audio</Filter>
    </ClCompile>
    <ClCompile Include="Source\ChannelMapSceneBuilder.cpp">
      <Filter>Source</Filter>
    </ClCompile>
    <ClCompile Include="Source\Config.cpp">
      <Filter>Source</Filter>
    </ClCompile>
    <ClCompile Include="Source\Main.cpp">
      <Filter>Source</Filter>
    </ClCompile>
    <ClCompile Include="Source\MainWindow.cpp">
      <Filter>Source</Filter>
    </ClCompile>
    <ClCompile Include="Source\Audio\Normalizer.cpp">
      <Filter>Source\Audio</Filter>
    </ClCompile>
  </ItemGroup>
  <ItemGroup>
    <QtUic Include="UserInterface\MainWindow.ui">
      <Filter>UserInterface</Filter>
    </QtUic>
  </ItemGroup>
  <ItemGroup>
    <QtRcc Include="Resources\OpusTranscoder.qrc">
      <Filter>Resources</Filter>
    </QtRcc>
  </ItemGroup>
  <ItemGroup>
    <ResourceCompile Include="Resources\OpusTranscoder.rc">
      <Filter>Resources</Filter>
    </ResourceCompile>
  </ItemGroup>
  <ItemGroup>
    <ClInclude Include="Source\Services\MetadataReader.h">
      <Filter>Source\Services</Filter>
    </ClInclude>
    <ClInclude Include="Source\Services\ServicesRoot.h">
      <Filter>Source\Services</Filter>
    </ClInclude>
    <ClInclude Include="Source\Services\Transcoder.h">
      <Filter>Source\Services</Filter>
    </ClInclude>
    <ClInclude Include="Source\Audio\Channel.h">
      <Filter>Source\Audio</Filter>
    </ClInclude>
    <ClInclude Include="Source\Audio\ChannelLayoutTransformer.h">
      <Filter>Source\Audio</Filter>
    </ClInclude>
    <ClInclude Include="Source\Audio\ClippingDetector.h">
      <Filter>Source\Audio</Filter>
    </ClInclude>
    <ClInclude Include="Source\Audio\ClippingHalfwave.h">
      <Filter>Source\Audio</Filter>
    </ClInclude>
    <ClInclude Include="Source\Audio\HalfwaveTucker.h">
      <Filter>Source\Audio</Filter>
    </ClInclude>
    <ClInclude Include="Source\Audio\OpusEncoder.h">
      <Filter>Source\Audio</Filter>
    </ClInclude>
    <ClInclude Include="Source\Audio\Track.h">
      <Filter>Source\Audio</Filter>
    </ClInclude>
    <ClInclude Include="Source\ChannelMapSceneBuilder.h">
      <Filter>Source</Filter>
    </ClInclude>
    <ClInclude Include="Source\Config.h">
      <Filter>Source</Filter>
    </ClInclude>
    <ClInclude Include="Source\Audio\Normalizer.h">
      <Filter>Source\Audio</Filter>
    </ClInclude>
  </ItemGroup>
  <ItemGroup>
    <CustomBuild Include="Nuclex.Audio.Native.ref" />
    <CustomBuild Include="Nuclex.Support.Native.ref" />
  </ItemGroup>
  <ItemGroup>
    <Image Include="Resources\freepik-gear-512x512.png">
      <Filter>Resources</Filter>
    </Image>
    <Image Include="Resources\freepik-sound-waves-512x512.png">
      <Filter>Resources</Filter>
    </Image>
    <Image Include="Resources\freepik-sound-waves-and-gear-512x512.png">
      <Filter>Resources</Filter>
    </Image>
    <Image Include="Resources\svgrepo-speaker-audio.png">
      <Filter>Resources</Filter>
    </Image>
    <Image Include="Resources\svgrepo-speaker-back-center.png">
      <Filter>Resources</Filter>
    </Image>
    <Image Include="Resources\svgrepo-speaker-back-left.png">
      <Filter>Resources</Filter>
    </Image>
    <Image Include="Resources\svgrepo-speaker-back-right.png">
      <Filter>Resources</Filter>
    </Image>
    <Image Include="Resources\svgrepo-speaker-bass.png">
      <Filter>Resources</Filter>
    </Image>
    <Image Include="Resources\svgrepo-speaker-bass2.png">
      <Filter>Resources</Filter>
    </Image>
    <Image Include="Resources\svgrepo-speaker-front-center.png">
      <Filter>Resources</Filter>
    </Image>
    <Image Include="Resources\svgrepo-speaker-front-left.png">
      <Filter>Resources</Filter>
    </Image>
    <Image Include="Resources\svgrepo-speaker-front-right.png">
      <Filter>Resources</Filter>
    </Image>
    <Image Include="Resources\svgrepo-speaker-side-left.png">
      <Filter>Resources</Filter>
    </Image>
    <Image Include="Resources\svgrepo-speaker-side-right.png">
      <Filter>Resources</Filter>
    </Image>
    <Image Include="Resources\svgrepo-speaker-unknown.png">
      <Filter>Resources</Filter>
    </Image>
  </ItemGroup>
</Project>